{
  "version": 4,
  "terraform_version": "1.11.2",
  "serial": 1,
  "lineage": "5177633c-c23b-777f-8266-15fa8445ebf1",
  "outputs": {},
  "resources": [
    {
      "mode": "data",
      "type": "digitalocean_ssh_key",
      "name": "terraform",
      "provider": "provider[\"registry.terraform.io/digitalocean/digitalocean\"]",
      "instances": [
        {
          "schema_version": 0,
          "attributes": {
            "fingerprint": "81:0a:87:82:80:51:42:33:bb:62:82:d6:7e:cb:b6:10",
            "id": 45124432,
            "name": "pchmykh@mac",
            "public_key": "ssh-ed25519 AAAAC3NzaC1lZDI1NTE5AAAAIM2vXUROC1aILyXy19MBYMSB1rxy6IsnZx8KoUArRfqh pchmykh@mac"
          },
          "sensitive_attributes": []
        }
      ]
    },
    {
      "mode": "managed",
      "type": "digitalocean_droplet",
      "name": "www-1",
      "provider": "provider[\"registry.terraform.io/digitalocean/digitalocean\"]",
      "instances": [
        {
          "status": "tainted",
          "schema_version": 1,
          "attributes": {
            "backup_policy": [],
            "backups": false,
            "created_at": "2025-03-27T07:09:55Z",
            "disk": 10,
            "droplet_agent": null,
            "graceful_shutdown": false,
            "id": "485609893",
            "image": "ubuntu-24-10-x64",
            "ipv4_address": "138.197.180.73",
            "ipv4_address_private": "10.114.0.4",
            "ipv6": false,
            "ipv6_address": "",
            "locked": false,
            "memory": 512,
            "monitoring": false,
            "name": "www-1",
            "price_hourly": 0.00595,
            "price_monthly": 4,
            "private_networking": true,
            "region": "fra1",
            "resize_disk": true,
            "size": "s-1vcpu-512mb-10gb",
            "ssh_keys": [
              "45124432"
            ],
            "status": "active",
            "tags": null,
            "timeouts": null,
            "urn": "do:droplet:485609893",
            "user_data": null,
            "vcpus": 1,
            "volume_ids": [],
            "vpc_uuid": "1cf635d6-d13d-44c1-b509-7605683f1f89"
          },
          "sensitive_attributes": [],
          "private": "eyJlMmJmYjczMC1lY2FhLTExZTYtOGY4OC0zNDM2M2JjN2M0YzAiOnsiY3JlYXRlIjozNjAwMDAwMDAwMDAwLCJkZWxldGUiOjYwMDAwMDAwMDAwLCJ1cGRhdGUiOjM2MDAwMDAwMDAwMDB9LCJzY2hlbWFfdmVyc2lvbiI6IjEifQ==",
          "dependencies": [
            "data.digitalocean_ssh_key.terraform"
          ]
        }
      ]
    }
  ],
  "check_results": null
}
